
Microsoft Visual Studio Solution File, Format Version 12.00
# Visual Studio Version 16
VisualStudioVersion = 16.0.30011.22
MinimumVisualStudioVersion = 10.0.40219.1
Project("{FAE04EC0-301F-11D3-BF4B-00C04F79EFBC}") = "GallowsGame", "GallowsGame\GallowsGame.csproj", "{E11DB6B4-5286-4A33-A7B5-415E582EAFCD}"
EndProject
Global
	GlobalSection(SolutionConfigurationPlatforms) = preSolution
		Debug|ARM = Debug|ARM
		Debug|ARM64 = Debug|ARM64
		Debug|x64 = Debug|x64
		Debug|x86 = Debug|x86
		Release|ARM = Release|ARM
		Release|ARM64 = Release|ARM64
		Release|x64 = Release|x64
		Release|x86 = Release|x86
	EndGlobalSection
	GlobalSection(ProjectConfigurationPlatforms) = postSolution
		{E11DB6B4-5286-4A33-A7B5-415E582EAFCD}.Debug|ARM.ActiveCfg = Debug|ARM
		{E11DB6B4-5286-4A33-A7B5-415E582EAFCD}.Debug|ARM.Build.0 = Debug|ARM
		{E11DB6B4-5286-4A33-A7B5-415E582EAFCD}.Debug|ARM.Deploy.0 = Debug|ARM
		{E11DB6B4-5286-4A33-A7B5-415E582EAFCD}.Debug|ARM64.ActiveCfg = Debug|ARM64
		{E11DB6B4-5286-4A33-A7B5-415E582EAFCD}.Debug|ARM64.Build.0 = Debug|ARM64
		{E11DB6B4-5286-4A33-A7B5-415E582EAFCD}.Debug|ARM64.Deploy.0 = Debug|ARM64
		{E11DB6B4-5286-4A33-A7B5-415E582EAFCD}.Debug|x64.ActiveCfg = Debug|x64
		{E11DB6B4-5286-4A33-A7B5-415E582EAFCD}.Debug|x64.Build.0 = Debug|x64
		{E11DB6B4-5286-4A33-A7B5-415E582EAFCD}.Debug|x64.Deploy.0 = Debug|x64
		{E11DB6B4-5286-4A33-A7B5-415E582EAFCD}.Debug|x86.ActiveCfg = Debug|x86
		{E11DB6B4-5286-4A33-A7B5-415E582EAFCD}.Debug|x86.Build.0 = Debug|x86
		{E11DB6B4-5286-4A33-A7B5-415E582EAFCD}.Debug|x86.Deploy.0 = Debug|x86
		{E11DB6B4-5286-4A33-A7B5-415E582EAFCD}.Release|ARM.ActiveCfg = Release|ARM
		{E11DB6B4-5286-4A33-A7B5-415E582EAFCD}.Release|ARM.Build.0 = Release|ARM
		{E11DB6B4-5286-4A33-A7B5-415E582EAFCD}.Release|ARM.Deploy.0 = Release|ARM
		{E11DB6B4-5286-4A33-A7B5-415E582EAFCD}.Release|ARM64.ActiveCfg = Release|ARM64
		{E11DB6B4-5286-4A33-A7B5-415E582EAFCD}.Release|ARM64.Build.0 = Release|ARM64
		{E11DB6B4-5286-4A33-A7B5-415E582EAFCD}.Release|ARM64.Deploy.0 = Release|ARM64
		{E11DB6B4-5286-4A33-A7B5-415E582EAFCD}.Release|x64.ActiveCfg = Release|x64
		{E11DB6B4-5286-4A33-A7B5-415E582EAFCD}.Release|x64.Build.0 = Release|x64
		{E11DB6B4-5286-4A33-A7B5-415E582EAFCD}.Release|x64.Deploy.0 = Release|x64
		{E11DB6B4-5286-4A33-A7B5-415E582EAFCD}.Release|x86.ActiveCfg = Release|x86
		{E11DB6B4-5286-4A33-A7B5-415E582EAFCD}.Release|x86.Build.0 = Release|x86
		{E11DB6B4-5286-4A33-A7B5-415E582EAFCD}.Release|x86.Deploy.0 = Release|x86
	EndGlobalSection
	GlobalSection(SolutionProperties) = preSolution
		HideSolutionNode = FALSE
	EndGlobalSection
	GlobalSection(ExtensibilityGlobals) = postSolution
		SolutionGuid = {F7E4384A-BC46-4C26-BE2C-AD4DD552E2ED}
	EndGlobalSection
EndGlobal
